
Microsoft Visual Studio Solution File, Format Version 12.00
# Visual Studio 15
VisualStudioVersion = 15.0.28010.2050
MinimumVisualStudioVersion = 10.0.40219.1
Project("{FAE04EC0-301F-11D3-BF4B-00C04F79EFBC}") = "CSharpFundamentals", "CSharpFundamentals\CSharpFundamentals.csproj", "{9E366FE0-1839-43CA-AA6D-D3E52540BCA7}"
EndProject
Project("{FAE04EC0-301F-11D3-BF4B-00C04F79EFBC}") = "WorkingWithStrings", "WorkingWithStrings\WorkingWithStrings.csproj", "{4A431EBC-A86B-465A-B446-155BB093C1EE}"
EndProject
Project("{FAE04EC0-301F-11D3-BF4B-00C04F79EFBC}") = "TextExercises", "TextExercises\TextExercises.csproj", "{2FE9CC94-DF72-4330-BF54-576E507A061D}"
EndProject
Global
	GlobalSection(SolutionConfigurationPlatforms) = preSolution
		Debug|Any CPU = Debug|Any CPU
		Release|Any CPU = Release|Any CPU
	EndGlobalSection
	GlobalSection(ProjectConfigurationPlatforms) = postSolution
		{9E366FE0-1839-43CA-AA6D-D3E52540BCA7}.Debug|Any CPU.ActiveCfg = Debug|Any CPU
		{9E366FE0-1839-43CA-AA6D-D3E52540BCA7}.Debug|Any CPU.Build.0 = Debug|Any CPU
		{9E366FE0-1839-43CA-AA6D-D3E52540BCA7}.Release|Any CPU.ActiveCfg = Release|Any CPU
		{9E366FE0-1839-43CA-AA6D-D3E52540BCA7}.Release|Any CPU.Build.0 = Release|Any CPU
		{4A431EBC-A86B-465A-B446-155BB093C1EE}.Debug|Any CPU.ActiveCfg = Debug|Any CPU
		{4A431EBC-A86B-465A-B446-155BB093C1EE}.Debug|Any CPU.Build.0 = Debug|Any CPU
		{4A431EBC-A86B-465A-B446-155BB093C1EE}.Release|Any CPU.ActiveCfg = Release|Any CPU
		{4A431EBC-A86B-465A-B446-155BB093C1EE}.Release|Any CPU.Build.0 = Release|Any CPU
		{2FE9CC94-DF72-4330-BF54-576E507A061D}.Debug|Any CPU.ActiveCfg = Debug|Any CPU
		{2FE9CC94-DF72-4330-BF54-576E507A061D}.Debug|Any CPU.Build.0 = Debug|Any CPU
		{2FE9CC94-DF72-4330-BF54-576E507A061D}.Release|Any CPU.ActiveCfg = Release|Any CPU
		{2FE9CC94-DF72-4330-BF54-576E507A061D}.Release|Any CPU.Build.0 = Release|Any CPU
	EndGlobalSection
	GlobalSection(SolutionProperties) = preSolution
		HideSolutionNode = FALSE
	EndGlobalSection
	GlobalSection(ExtensibilityGlobals) = postSolution
		SolutionGuid = {0B876274-C308-4DA0-A8B0-DFDBF1B09C20}
	EndGlobalSection
EndGlobal
